{
  "graphicsApi": 2,
  "lastOpenedScene": "c7bb0360-0cce-4b05-902b-5a4b03b58915",
  "projectName": "Crytek Sponza",
  "view": {
    "modules": [
      {
        "camera": {
          "aspectRatio": 1.1076759099960327,
          "farPlane": 1000.0,
          "fov": 75.0,
          "movementSpeed": 4.0,
          "nearPlane": 0.10000000149011612,
          "sensitivity": 0.15000000596046448,
          "transform": {
            "Position": {
              "x": 8.03929615020752,
              "y": 5.307946681976318,
              "z": 0.810488760471344
            },
            "Rotation": {
              "x": 7.649135112762451,
              "y": 278.0119934082031,
              "z": 0.0
            },
            "Scale": {
              "x": 1.0,
              "y": 1.0,
              "z": 1.0
            }
          }
        },
        "id": "51361ffe-450c-497f-9e52-edbcbc6c0e6f",
        "label": "Scene Viewer",
        "settings": {
          "aspectRatioConstraint": {
            "x": 16,
            "y": 9
          },
          "constraintType": 0,
          "gridSettings": {
            "offset": 0.0,
            "opacity": 1.0,
            "renderGrid": false
          },
          "resolutionConstraint": {
            "x": 4096,
            "y": 2160
          }
        },
        "type": 3
      },
      {
        "id": "5dba5cb5-1afb-418f-9d1e-5388c98f7eab",
        "label": "Inspector",
        "type": 5
      },
      {
        "id": "531cf7dc-1752-4f48-b8c0-52569be9f92d",
        "label": "Performance",
        "type": 0
      },
      {
        "id": "925995ca-f609-4610-b5f6-e05b34c79580",
        "label": "Asset Browser",
        "openedPath": "",
        "type": 4
      },
      {
        "id": "19d75deb-6736-4d70-b398-ed6e2f5884a2",
        "label": "SceneHierarchy",
        "type": 1
      },
      {
        "id": "f1240801-a7dd-44e4-abd5-7d8a52f88b4e",
        "label": "Scene Settings",
        "type": 7
      }
    ],
    "windowMaximized": true
  }
}
