{
  "graphicsApi": 2,
  "lastOpenedScene": "19431bd0-8b75-4c25-8130-590d5a0193e5",
  "projectName": "Olaf",
  "view": {
    "modules": [
      {
        "camera": {
          "aspectRatio": 1.2068229913711548,
          "farPlane": 1000.0,
          "fov": 45.0,
          "movementSpeed": 4.0,
          "nearPlane": 0.10000000149011612,
          "sensitivity": 0.15000000596046448,
          "transform": {
            "Position": {
              "x": 15.481451034545898,
              "y": 9.054556846618652,
              "z": 17.89082145690918
            },
            "Rotation": {
              "x": 18.599994659423828,
              "y": 318.4512023925781,
              "z": 0.0
            },
            "Scale": {
              "x": 1.0,
              "y": 1.0,
              "z": 1.0
            }
          }
        },
        "id": "a1ed0ed6-d92f-40f5-a9d9-397aff997cf4",
        "label": "Scene Viewer",
        "settings": {
          "aspectRatioConstraint": {
            "x": 16,
            "y": 9
          },
          "constraintType": 0,
          "gridSettings": {
            "offset": -4.050000190734863,
            "opacity": 1.0,
            "renderGrid": true
          },
          "resolutionConstraint": {
            "x": 1024,
            "y": 1024
          }
        },
        "type": 3
      },
      {
        "id": "04fba9fa-ab41-4589-bfc3-d1d9c6747627",
        "label": "SceneHierarchy",
        "type": 1
      },
      {
        "id": "06c90036-0e02-4980-a54a-206f559f988f",
        "label": "Inspector",
        "type": 5
      },
      {
        "id": "c79a9e45-c563-46f0-bcf3-c82e8c04f56a",
        "label": "Asset Browser",
        "openedPath": "",
        "type": 4
      },
      {
        "id": "d042ae2a-602c-4334-ba38-23466a51e58e",
        "label": "Performance",
        "type": 0
      },
      {
        "id": "a78011b9-dcdf-44df-b153-c96e66bd6092",
        "label": "Scene Settings",
        "type": 7
      }
    ],
    "windowMaximized": true
  }
}
