{
  "graphicsApi": 0,
  "lastOpenedScene": "52eaf576-ef2f-4e49-a22a-7d0d434c81ca",
  "projectLastOpenedDate": 0,
  "projectName": "",
  "view": {
    "modules": [
      {
        "camera": {
          "aspectRatio": 1.2579281330108643,
          "farPlane": 1000.0,
          "fov": 90.0,
          "movementSpeed": 4.0,
          "nearPlane": 0.10000000149011612,
          "sensitivity": 0.15000000596046448,
          "transform": {
            "Position": {
              "x": 5.884669303894043,
              "y": 4.717077255249023,
              "z": -2.987597703933716
            },
            "Rotation": {
              "x": -6.600225925445557,
              "y": 254.85118103027344,
              "z": 0.0
            },
            "Scale": {
              "x": 1.0,
              "y": 1.0,
              "z": 1.0
            }
          }
        },
        "id": "b20d99f0-b5d1-4c68-9169-e0cab89341f8",
        "label": "Scene Viewer",
        "settings": {
          "aspectRatioConstraint": {
            "x": 16,
            "y": 9
          },
          "constraintType": 0,
          "renderGrid": true,
          "resolutionConstraint": {
            "x": 1024,
            "y": 1024
          }
        },
        "type": 3
      },
      {
        "id": "4979fcc7-ce84-454a-bfce-d7f4ec2ea110",
        "label": "SceneHierarchy",
        "type": 1
      },
      {
        "id": "0f99b439-5b59-4b84-8284-c1bf55e0b8e4",
        "label": "Asset Browser",
        "openedPath": "C:\\Users\\ninom\\Desktop\\Test2\\Assets",
        "type": 4
      },
      {
        "id": "7535f910-8b2a-4a68-973f-262b50c871dc",
        "label": "Inspector",
        "type": 5
      },
      {
        "id": "29fa0ae7-be66-49d1-8c42-993fbbfdd73a",
        "label": "Performance",
        "type": 0
      }
    ]
  }
}
